
Microsoft Visual Studio Solution File, Format Version 12.00
# Visual Studio 15
VisualStudioVersion = 15.0.28307.106
MinimumVisualStudioVersion = 10.0.40219.1
Project("{FAE04EC0-301F-11D3-BF4B-00C04F79EFBC}") = "3D Transformation", "3D Transformation\3D Transformation.csproj", "{86E8E397-C5F2-40B3-A1BC-26DAF26E0C53}"
EndProject
Global
	GlobalSection(SolutionConfigurationPlatforms) = preSolution
		Debug|Any CPU = Debug|Any CPU
		Release|Any CPU = Release|Any CPU
	EndGlobalSection
	GlobalSection(ProjectConfigurationPlatforms) = postSolution
		{86E8E397-C5F2-40B3-A1BC-26DAF26E0C53}.Debug|Any CPU.ActiveCfg = Debug|Any CPU
		{86E8E397-C5F2-40B3-A1BC-26DAF26E0C53}.Debug|Any CPU.Build.0 = Debug|Any CPU
		{86E8E397-C5F2-40B3-A1BC-26DAF26E0C53}.Release|Any CPU.ActiveCfg = Release|Any CPU
		{86E8E397-C5F2-40B3-A1BC-26DAF26E0C53}.Release|Any CPU.Build.0 = Release|Any CPU
	EndGlobalSection
	GlobalSection(SolutionProperties) = preSolution
		HideSolutionNode = FALSE
	EndGlobalSection
	GlobalSection(ExtensibilityGlobals) = postSolution
		SolutionGuid = {560134D1-7665-4652-B95C-7350BC297E0E}
	EndGlobalSection
EndGlobal
